// !$*UTF8*$!
{
	archiveVersion = 1;
	classes = {
	};
	objectVersion = 56;
	objects = {

/* Begin PBXBuildFile section */
		627AB3912A9CD3F000F4F6E4 /* JIRAMobileConnect.m in Sources */ = {isa = PBXBuildFile; fileRef = 627AB3902A9CD3F000F4F6E4 /* JIRAMobileConnect.m */; };
		627AB3922A9CD3F000F4F6E4 /* JIRAMobileConnect.h in CopyFiles */ = {isa = PBXBuildFile; fileRef = 627AB38F2A9CD3F000F4F6E4 /* JIRAMobileConnect.h */; };
		627AB5BB2A9CD56600F4F6E4 /* JMCDatabase.m in Sources */ = {isa = PBXBuildFile; fileRef = 627AB5192A9CD56500F4F6E4 /* JMCDatabase.m */; };
		627AB5BC2A9CD56600F4F6E4 /* JMCResultSet.m in Sources */ = {isa = PBXBuildFile; fileRef = 627AB51A2A9CD56500F4F6E4 /* JMCResultSet.m */; };
		627AB5BD2A9CD56600F4F6E4 /* JMCDatabase+JMCDatabaseAdditions.m in Sources */ = {isa = PBXBuildFile; fileRef = 627AB51C2A9CD56500F4F6E4 /* JMCDatabase+JMCDatabaseAdditions.m */; };
		627AB5BE2A9CD56600F4F6E4 /* JMCMessageCell.m in Sources */ = {isa = PBXBuildFile; fileRef = 627AB51F2A9CD56500F4F6E4 /* JMCMessageCell.m */; };
		627AB5BF2A9CD56600F4F6E4 /* JMCMessageBubble.m in Sources */ = {isa = PBXBuildFile; fileRef = 627AB5202A9CD56500F4F6E4 /* JMCMessageBubble.m */; };
		627AB5C02A9CD56600F4F6E4 /* JMCIssueViewController.m in Sources */ = {isa = PBXBuildFile; fileRef = 627AB5242A9CD56500F4F6E4 /* JMCIssueViewController.m */; };
		627AB5C12A9CD56600F4F6E4 /* JMCNotifier.m in Sources */ = {isa = PBXBuildFile; fileRef = 627AB5282A9CD56500F4F6E4 /* JMCNotifier.m */; };
		627AB5C22A9CD56600F4F6E4 /* JMCIssueStore.m in Sources */ = {isa = PBXBuildFile; fileRef = 627AB52B2A9CD56500F4F6E4 /* JMCIssueStore.m */; };
		627AB5C32A9CD56600F4F6E4 /* JMCIssuesViewController.m in Sources */ = {isa = PBXBuildFile; fileRef = 627AB52D2A9CD56500F4F6E4 /* JMCIssuesViewController.m */; };
		627AB5C42A9CD56600F4F6E4 /* JMCIssuePreviewCell.m in Sources */ = {isa = PBXBuildFile; fileRef = 627AB52E2A9CD56500F4F6E4 /* JMCIssuePreviewCell.m */; };
		627AB5C52A9CD56600F4F6E4 /* JMCReplyDelegate.m in Sources */ = {isa = PBXBuildFile; fileRef = 627AB5322A9CD56500F4F6E4 /* JMCReplyDelegate.m */; };
		627AB5C62A9CD56600F4F6E4 /* JMCIssueTransport.m in Sources */ = {isa = PBXBuildFile; fileRef = 627AB5332A9CD56500F4F6E4 /* JMCIssueTransport.m */; };
		627AB5C72A9CD56600F4F6E4 /* JMCReplyTransport.m in Sources */ = {isa = PBXBuildFile; fileRef = 627AB5352A9CD56500F4F6E4 /* JMCReplyTransport.m */; };
		627AB5C82A9CD56600F4F6E4 /* JMCCrashSender.m in Sources */ = {isa = PBXBuildFile; fileRef = 627AB5362A9CD56500F4F6E4 /* JMCCrashSender.m */; };
		627AB5C92A9CD56600F4F6E4 /* JMCTransportOperation.m in Sources */ = {isa = PBXBuildFile; fileRef = 627AB5382A9CD56500F4F6E4 /* JMCTransportOperation.m */; };
		627AB5CA2A9CD56600F4F6E4 /* JMCPing.m in Sources */ = {isa = PBXBuildFile; fileRef = 627AB5392A9CD56500F4F6E4 /* JMCPing.m */; };
		627AB5CB2A9CD56600F4F6E4 /* JMCCrashTransport.m in Sources */ = {isa = PBXBuildFile; fileRef = 627AB53A2A9CD56500F4F6E4 /* JMCCrashTransport.m */; };
		627AB5CC2A9CD56600F4F6E4 /* JMCCreateIssueDelegate.m in Sources */ = {isa = PBXBuildFile; fileRef = 627AB53E2A9CD56500F4F6E4 /* JMCCreateIssueDelegate.m */; };
		627AB5CD2A9CD56600F4F6E4 /* JMCTransport.m in Sources */ = {isa = PBXBuildFile; fileRef = 627AB5402A9CD56500F4F6E4 /* JMCTransport.m */; };
		627AB5CE2A9CD56600F4F6E4 /* CrashReporter.m in Sources */ = {isa = PBXBuildFile; fileRef = 627AB5432A9CD56500F4F6E4 /* CrashReporter.m */; };
		627AB5CF2A9CD56600F4F6E4 /* UIImage+JMCAlpha.m in Sources */ = {isa = PBXBuildFile; fileRef = 627AB5492A9CD56500F4F6E4 /* UIImage+JMCAlpha.m */; };
		627AB5D02A9CD56600F4F6E4 /* UIImage+JMCRoundedCorner.m in Sources */ = {isa = PBXBuildFile; fileRef = 627AB54A2A9CD56500F4F6E4 /* UIImage+JMCRoundedCorner.m */; };
		627AB5D12A9CD56600F4F6E4 /* UIImage+JMCResize.m in Sources */ = {isa = PBXBuildFile; fileRef = 627AB54B2A9CD56500F4F6E4 /* UIImage+JMCResize.m */; };
		627AB5D22A9CD56600F4F6E4 /* JMCRecorder.m in Sources */ = {isa = PBXBuildFile; fileRef = 627AB54D2A9CD56500F4F6E4 /* JMCRecorder.m */; };
		627AB5D32A9CD56600F4F6E4 /* JMCIssue.m in Sources */ = {isa = PBXBuildFile; fileRef = 627AB5502A9CD56500F4F6E4 /* JMCIssue.m */; };
		627AB5D42A9CD56600F4F6E4 /* JMCComment.m in Sources */ = {isa = PBXBuildFile; fileRef = 627AB5532A9CD56500F4F6E4 /* JMCComment.m */; };
		627AB5D52A9CD56600F4F6E4 /* JMCRequestQueue.m in Sources */ = {isa = PBXBuildFile; fileRef = 627AB5552A9CD56500F4F6E4 /* JMCRequestQueue.m */; };
		627AB5D62A9CD56600F4F6E4 /* JMCQueueItem.m in Sources */ = {isa = PBXBuildFile; fileRef = 627AB5582A9CD56500F4F6E4 /* JMCQueueItem.m */; };
		627AB5D72A9CD56600F4F6E4 /* JMCConsoleLogReader.m in Sources */ = {isa = PBXBuildFile; fileRef = 627AB55D2A9CD56500F4F6E4 /* JMCConsoleLogReader.m */; };
		627AB5D82A9CD56600F4F6E4 /* JMCAttachmentsViewController.m in Sources */ = {isa = PBXBuildFile; fileRef = 627AB55E2A9CD56500F4F6E4 /* JMCAttachmentsViewController.m */; };
		627AB5D92A9CD56600F4F6E4 /* JMCToolbarButton.m in Sources */ = {isa = PBXBuildFile; fileRef = 627AB5612A9CD56500F4F6E4 /* JMCToolbarButton.m */; };
		627AB5DA2A9CD56600F4F6E4 /* JMCScrollViewContainer.m in Sources */ = {isa = PBXBuildFile; fileRef = 627AB5622A9CD56500F4F6E4 /* JMCScrollViewContainer.m */; };
		627AB5DB2A9CD56600F4F6E4 /* UILabel+JMCVerticalAlign.m in Sources */ = {isa = PBXBuildFile; fileRef = 627AB5642A9CD56500F4F6E4 /* UILabel+JMCVerticalAlign.m */; };
		627AB5DC2A9CD56600F4F6E4 /* UIView+JMCAdditions.m in Sources */ = {isa = PBXBuildFile; fileRef = 627AB5662A9CD56500F4F6E4 /* UIView+JMCAdditions.m */; };
		627AB5DD2A9CD56600F4F6E4 /* JMCSketchView.m in Sources */ = {isa = PBXBuildFile; fileRef = 627AB56A2A9CD56500F4F6E4 /* JMCSketchView.m */; };
		627AB5DE2A9CD56600F4F6E4 /* JMCSketchViewControllerFactory.m in Sources */ = {isa = PBXBuildFile; fileRef = 627AB5742A9CD56500F4F6E4 /* JMCSketchViewControllerFactory.m */; };
		627AB5DF2A9CD56600F4F6E4 /* JMCSketch.m in Sources */ = {isa = PBXBuildFile; fileRef = 627AB5772A9CD56500F4F6E4 /* JMCSketch.m */; };
		627AB5E02A9CD56600F4F6E4 /* JMCLine.m in Sources */ = {isa = PBXBuildFile; fileRef = 627AB5782A9CD56500F4F6E4 /* JMCLine.m */; };
		627AB5E12A9CD56600F4F6E4 /* JMCSketchContainerView.m in Sources */ = {isa = PBXBuildFile; fileRef = 627AB5792A9CD56500F4F6E4 /* JMCSketchContainerView.m */; };
		627AB5E22A9CD56600F4F6E4 /* JMCVectorView.m in Sources */ = {isa = PBXBuildFile; fileRef = 627AB57A2A9CD56500F4F6E4 /* JMCVectorView.m */; };
		627AB5E32A9CD56600F4F6E4 /* JMCSketchScrollView.m in Sources */ = {isa = PBXBuildFile; fileRef = 627AB57B2A9CD56500F4F6E4 /* JMCSketchScrollView.m */; };
		627AB5E42A9CD56600F4F6E4 /* JMCShapeView.m in Sources */ = {isa = PBXBuildFile; fileRef = 627AB57C2A9CD56500F4F6E4 /* JMCShapeView.m */; };
		627AB5E52A9CD56600F4F6E4 /* JMCSketchViewController.m in Sources */ = {isa = PBXBuildFile; fileRef = 627AB57E2A9CD56500F4F6E4 /* JMCSketchViewController.m */; };
		627AB5E62A9CD56600F4F6E4 /* JMCVector.m in Sources */ = {isa = PBXBuildFile; fileRef = 627AB57F2A9CD56500F4F6E4 /* JMCVector.m */; };
		627AB5E72A9CD56600F4F6E4 /* CrashReporter.framework in Frameworks */ = {isa = PBXBuildFile; fileRef = 627AB5B02A9CD56500F4F6E4 /* CrashReporter.framework */; };
		627AB5E82A9CD56600F4F6E4 /* JMCAttachmentItem.m in Sources */ = {isa = PBXBuildFile; fileRef = 627AB5B42A9CD56500F4F6E4 /* JMCAttachmentItem.m */; };
		627AB5E92A9CD56600F4F6E4 /* JMCViewController.m in Sources */ = {isa = PBXBuildFile; fileRef = 627AB5B72A9CD56500F4F6E4 /* JMCViewController.m */; };
		627AB5EA2A9CD56600F4F6E4 /* JMC.m in Sources */ = {isa = PBXBuildFile; fileRef = 627AB5BA2A9CD56500F4F6E4 /* JMC.m */; };
/* End PBXBuildFile section */

/* Begin PBXCopyFilesBuildPhase section */
		627AB38A2A9CD3F000F4F6E4 /* CopyFiles */ = {
			isa = PBXCopyFilesBuildPhase;
			buildActionMask = 2147483647;
			dstPath = "include/$(PRODUCT_NAME)";
			dstSubfolderSpec = 16;
			files = (
				627AB3922A9CD3F000F4F6E4 /* JIRAMobileConnect.h in CopyFiles */,
			);
			runOnlyForDeploymentPostprocessing = 0;
		};
/* End PBXCopyFilesBuildPhase section */

/* Begin PBXFileReference section */
		627AB38C2A9CD3F000F4F6E4 /* libJIRAMobileConnect.a */ = {isa = PBXFileReference; explicitFileType = archive.ar; includeInIndex = 0; path = libJIRAMobileConnect.a; sourceTree = BUILT_PRODUCTS_DIR; };
		627AB38F2A9CD3F000F4F6E4 /* JIRAMobileConnect.h */ = {isa = PBXFileReference; lastKnownFileType = sourcecode.c.h; path = JIRAMobileConnect.h; sourceTree = "<group>"; };
		627AB3902A9CD3F000F4F6E4 /* JIRAMobileConnect.m */ = {isa = PBXFileReference; lastKnownFileType = sourcecode.c.objc; path = JIRAMobileConnect.m; sourceTree = "<group>"; };
		627AB5182A9CD56500F4F6E4 /* JMCDatabase+JMCDatabaseAdditions.h */ = {isa = PBXFileReference; fileEncoding = 4; lastKnownFileType = sourcecode.c.h; path = "JMCDatabase+JMCDatabaseAdditions.h"; sourceTree = "<group>"; };
		627AB5192A9CD56500F4F6E4 /* JMCDatabase.m */ = {isa = PBXFileReference; fileEncoding = 4; lastKnownFileType = sourcecode.c.objc; path = JMCDatabase.m; sourceTree = "<group>"; };
		627AB51A2A9CD56500F4F6E4 /* JMCResultSet.m */ = {isa = PBXFileReference; fileEncoding = 4; lastKnownFileType = sourcecode.c.objc; path = JMCResultSet.m; sourceTree = "<group>"; };
		627AB51B2A9CD56500F4F6E4 /* JMCDatabase.h */ = {isa = PBXFileReference; fileEncoding = 4; lastKnownFileType = sourcecode.c.h; path = JMCDatabase.h; sourceTree = "<group>"; };
		627AB51C2A9CD56500F4F6E4 /* JMCDatabase+JMCDatabaseAdditions.m */ = {isa = PBXFileReference; fileEncoding = 4; lastKnownFileType = sourcecode.c.objc; path = "JMCDatabase+JMCDatabaseAdditions.m"; sourceTree = "<group>"; };
		627AB51D2A9CD56500F4F6E4 /* JMCResultSet.h */ = {isa = PBXFileReference; fileEncoding = 4; lastKnownFileType = sourcecode.c.h; path = JMCResultSet.h; sourceTree = "<group>"; };
		627AB51F2A9CD56500F4F6E4 /* JMCMessageCell.m */ = {isa = PBXFileReference; fileEncoding = 4; lastKnownFileType = sourcecode.c.objc; path = JMCMessageCell.m; sourceTree = "<group>"; };
		627AB5202A9CD56500F4F6E4 /* JMCMessageBubble.m */ = {isa = PBXFileReference; fileEncoding = 4; lastKnownFileType = sourcecode.c.objc; path = JMCMessageBubble.m; sourceTree = "<group>"; };
		627AB5212A9CD56500F4F6E4 /* JMCNotifier.h */ = {isa = PBXFileReference; fileEncoding = 4; lastKnownFileType = sourcecode.c.h; path = JMCNotifier.h; sourceTree = "<group>"; };
		627AB5222A9CD56500F4F6E4 /* JMCIssuesViewController.h */ = {isa = PBXFileReference; fileEncoding = 4; lastKnownFileType = sourcecode.c.h; path = JMCIssuesViewController.h; sourceTree = "<group>"; };
		627AB5232A9CD56500F4F6E4 /* JMCIssueStore.h */ = {isa = PBXFileReference; fileEncoding = 4; lastKnownFileType = sourcecode.c.h; path = JMCIssueStore.h; sourceTree = "<group>"; };
		627AB5242A9CD56500F4F6E4 /* JMCIssueViewController.m */ = {isa = PBXFileReference; fileEncoding = 4; lastKnownFileType = sourcecode.c.objc; path = JMCIssueViewController.m; sourceTree = "<group>"; };
		627AB5252A9CD56500F4F6E4 /* JMCIssuePreviewCell.h */ = {isa = PBXFileReference; fileEncoding = 4; lastKnownFileType = sourcecode.c.h; path = JMCIssuePreviewCell.h; sourceTree = "<group>"; };
		627AB5262A9CD56500F4F6E4 /* JMCMessageCell.h */ = {isa = PBXFileReference; fileEncoding = 4; lastKnownFileType = sourcecode.c.h; path = JMCMessageCell.h; sourceTree = "<group>"; };
		627AB5272A9CD56500F4F6E4 /* JMCIssueViewController.xib */ = {isa = PBXFileReference; fileEncoding = 4; lastKnownFileType = file.xib; path = JMCIssueViewController.xib; sourceTree = "<group>"; };
		627AB5282A9CD56500F4F6E4 /* JMCNotifier.m */ = {isa = PBXFileReference; fileEncoding = 4; lastKnownFileType = sourcecode.c.objc; path = JMCNotifier.m; sourceTree = "<group>"; };
		627AB5292A9CD56500F4F6E4 /* JMCMessageBubble.h */ = {isa = PBXFileReference; fileEncoding = 4; lastKnownFileType = sourcecode.c.h; path = JMCMessageBubble.h; sourceTree = "<group>"; };
		627AB52A2A9CD56500F4F6E4 /* JMCIssueViewController.h */ = {isa = PBXFileReference; fileEncoding = 4; lastKnownFileType = sourcecode.c.h; path = JMCIssueViewController.h; sourceTree = "<group>"; };
		627AB52B2A9CD56500F4F6E4 /* JMCIssueStore.m */ = {isa = PBXFileReference; fileEncoding = 4; lastKnownFileType = sourcecode.c.objc; path = JMCIssueStore.m; sourceTree = "<group>"; };
		627AB52C2A9CD56500F4F6E4 /* JMCIssuePreviewCell.xib */ = {isa = PBXFileReference; fileEncoding = 4; lastKnownFileType = file.xib; path = JMCIssuePreviewCell.xib; sourceTree = "<group>"; };
		627AB52D2A9CD56500F4F6E4 /* JMCIssuesViewController.m */ = {isa = PBXFileReference; fileEncoding = 4; lastKnownFileType = sourcecode.c.objc; path = JMCIssuesViewController.m; sourceTree = "<group>"; };
		627AB52E2A9CD56500F4F6E4 /* JMCIssuePreviewCell.m */ = {isa = PBXFileReference; fileEncoding = 4; lastKnownFileType = sourcecode.c.objc; path = JMCIssuePreviewCell.m; sourceTree = "<group>"; };
		627AB5302A9CD56500F4F6E4 /* JMCCrashTransport.h */ = {isa = PBXFileReference; fileEncoding = 4; lastKnownFileType = sourcecode.c.h; path = JMCCrashTransport.h; sourceTree = "<group>"; };
		627AB5312A9CD56500F4F6E4 /* JMCPing.h */ = {isa = PBXFileReference; fileEncoding = 4; lastKnownFileType = sourcecode.c.h; path = JMCPing.h; sourceTree = "<group>"; };
		627AB5322A9CD56500F4F6E4 /* JMCReplyDelegate.m */ = {isa = PBXFileReference; fileEncoding = 4; lastKnownFileType = sourcecode.c.objc; path = JMCReplyDelegate.m; sourceTree = "<group>"; };
		627AB5332A9CD56500F4F6E4 /* JMCIssueTransport.m */ = {isa = PBXFileReference; fileEncoding = 4; lastKnownFileType = sourcecode.c.objc; path = JMCIssueTransport.m; sourceTree = "<group>"; };
		627AB5342A9CD56500F4F6E4 /* JMCCreateIssueDelegate.h */ = {isa = PBXFileReference; fileEncoding = 4; lastKnownFileType = sourcecode.c.h; path = JMCCreateIssueDelegate.h; sourceTree = "<group>"; };
		627AB5352A9CD56500F4F6E4 /* JMCReplyTransport.m */ = {isa = PBXFileReference; fileEncoding = 4; lastKnownFileType = sourcecode.c.objc; path = JMCReplyTransport.m; sourceTree = "<group>"; };
		627AB5362A9CD56500F4F6E4 /* JMCCrashSender.m */ = {isa = PBXFileReference; fileEncoding = 4; lastKnownFileType = sourcecode.c.objc; path = JMCCrashSender.m; sourceTree = "<group>"; };
		627AB5372A9CD56500F4F6E4 /* JMCTransport.h */ = {isa = PBXFileReference; fileEncoding = 4; lastKnownFileType = sourcecode.c.h; path = JMCTransport.h; sourceTree = "<group>"; };
		627AB5382A9CD56500F4F6E4 /* JMCTransportOperation.m */ = {isa = PBXFileReference; fileEncoding = 4; lastKnownFileType = sourcecode.c.objc; path = JMCTransportOperation.m; sourceTree = "<group>"; };
		627AB5392A9CD56500F4F6E4 /* JMCPing.m */ = {isa = PBXFileReference; fileEncoding = 4; lastKnownFileType = sourcecode.c.objc; path = JMCPing.m; sourceTree = "<group>"; };
		627AB53A2A9CD56500F4F6E4 /* JMCCrashTransport.m */ = {isa = PBXFileReference; fileEncoding = 4; lastKnownFileType = sourcecode.c.objc; path = JMCCrashTransport.m; sourceTree = "<group>"; };
		627AB53B2A9CD56500F4F6E4 /* JMCCrashSender.h */ = {isa = PBXFileReference; fileEncoding = 4; lastKnownFileType = sourcecode.c.h; path = JMCCrashSender.h; sourceTree = "<group>"; };
		627AB53C2A9CD56500F4F6E4 /* JMCReplyTransport.h */ = {isa = PBXFileReference; fileEncoding = 4; lastKnownFileType = sourcecode.c.h; path = JMCReplyTransport.h; sourceTree = "<group>"; };
		627AB53D2A9CD56500F4F6E4 /* JMCIssueTransport.h */ = {isa = PBXFileReference; fileEncoding = 4; lastKnownFileType = sourcecode.c.h; path = JMCIssueTransport.h; sourceTree = "<group>"; };
		627AB53E2A9CD56500F4F6E4 /* JMCCreateIssueDelegate.m */ = {isa = PBXFileReference; fileEncoding = 4; lastKnownFileType = sourcecode.c.objc; path = JMCCreateIssueDelegate.m; sourceTree = "<group>"; };
		627AB53F2A9CD56500F4F6E4 /* JMCReplyDelegate.h */ = {isa = PBXFileReference; fileEncoding = 4; lastKnownFileType = sourcecode.c.h; path = JMCReplyDelegate.h; sourceTree = "<group>"; };
		627AB5402A9CD56500F4F6E4 /* JMCTransport.m */ = {isa = PBXFileReference; fileEncoding = 4; lastKnownFileType = sourcecode.c.objc; path = JMCTransport.m; sourceTree = "<group>"; };
		627AB5412A9CD56500F4F6E4 /* JMCTransportOperation.h */ = {isa = PBXFileReference; fileEncoding = 4; lastKnownFileType = sourcecode.c.h; path = JMCTransportOperation.h; sourceTree = "<group>"; };
		627AB5432A9CD56500F4F6E4 /* CrashReporter.m */ = {isa = PBXFileReference; fileEncoding = 4; lastKnownFileType = sourcecode.c.objc; path = CrashReporter.m; sourceTree = "<group>"; };
		627AB5442A9CD56500F4F6E4 /* CrashReporter.h */ = {isa = PBXFileReference; fileEncoding = 4; lastKnownFileType = sourcecode.c.h; path = CrashReporter.h; sourceTree = "<group>"; };
		627AB5462A9CD56500F4F6E4 /* UIImage+JMCRoundedCorner.h */ = {isa = PBXFileReference; fileEncoding = 4; lastKnownFileType = sourcecode.c.h; path = "UIImage+JMCRoundedCorner.h"; sourceTree = "<group>"; };
		627AB5472A9CD56500F4F6E4 /* UIImage+JMCAlpha.h */ = {isa = PBXFileReference; fileEncoding = 4; lastKnownFileType = sourcecode.c.h; path = "UIImage+JMCAlpha.h"; sourceTree = "<group>"; };
		627AB5482A9CD56500F4F6E4 /* UIImage+JMCResize.h */ = {isa = PBXFileReference; fileEncoding = 4; lastKnownFileType = sourcecode.c.h; path = "UIImage+JMCResize.h"; sourceTree = "<group>"; };
		627AB5492A9CD56500F4F6E4 /* UIImage+JMCAlpha.m */ = {isa = PBXFileReference; fileEncoding = 4; lastKnownFileType = sourcecode.c.objc; path = "UIImage+JMCAlpha.m"; sourceTree = "<group>"; };
		627AB54A2A9CD56500F4F6E4 /* UIImage+JMCRoundedCorner.m */ = {isa = PBXFileReference; fileEncoding = 4; lastKnownFileType = sourcecode.c.objc; path = "UIImage+JMCRoundedCorner.m"; sourceTree = "<group>"; };
		627AB54B2A9CD56500F4F6E4 /* UIImage+JMCResize.m */ = {isa = PBXFileReference; fileEncoding = 4; lastKnownFileType = sourcecode.c.objc; path = "UIImage+JMCResize.m"; sourceTree = "<group>"; };
		627AB54D2A9CD56500F4F6E4 /* JMCRecorder.m */ = {isa = PBXFileReference; fileEncoding = 4; lastKnownFileType = sourcecode.c.objc; path = JMCRecorder.m; sourceTree = "<group>"; };
		627AB54E2A9CD56500F4F6E4 /* JMCRecorder.h */ = {isa = PBXFileReference; fileEncoding = 4; lastKnownFileType = sourcecode.c.h; path = JMCRecorder.h; sourceTree = "<group>"; };
		627AB5502A9CD56500F4F6E4 /* JMCIssue.m */ = {isa = PBXFileReference; fileEncoding = 4; lastKnownFileType = sourcecode.c.objc; path = JMCIssue.m; sourceTree = "<group>"; };
		627AB5512A9CD56500F4F6E4 /* JMCComment.h */ = {isa = PBXFileReference; fileEncoding = 4; lastKnownFileType = sourcecode.c.h; path = JMCComment.h; sourceTree = "<group>"; };
		627AB5522A9CD56500F4F6E4 /* JMCIssue.h */ = {isa = PBXFileReference; fileEncoding = 4; lastKnownFileType = sourcecode.c.h; path = JMCIssue.h; sourceTree = "<group>"; };
		627AB5532A9CD56500F4F6E4 /* JMCComment.m */ = {isa = PBXFileReference; fileEncoding = 4; lastKnownFileType = sourcecode.c.objc; path = JMCComment.m; sourceTree = "<group>"; };
		627AB5552A9CD56500F4F6E4 /* JMCRequestQueue.m */ = {isa = PBXFileReference; fileEncoding = 4; lastKnownFileType = sourcecode.c.objc; path = JMCRequestQueue.m; sourceTree = "<group>"; };
		627AB5562A9CD56500F4F6E4 /* JMCQueueItem.h */ = {isa = PBXFileReference; fileEncoding = 4; lastKnownFileType = sourcecode.c.h; path = JMCQueueItem.h; sourceTree = "<group>"; };
		627AB5572A9CD56500F4F6E4 /* JMCRequestQueue.h */ = {isa = PBXFileReference; fileEncoding = 4; lastKnownFileType = sourcecode.c.h; path = JMCRequestQueue.h; sourceTree = "<group>"; };
		627AB5582A9CD56500F4F6E4 /* JMCQueueItem.m */ = {isa = PBXFileReference; fileEncoding = 4; lastKnownFileType = sourcecode.c.objc; path = JMCQueueItem.m; sourceTree = "<group>"; };
		627AB55A2A9CD56500F4F6E4 /* JMCAttachmentsView.xib */ = {isa = PBXFileReference; fileEncoding = 4; lastKnownFileType = file.xib; path = JMCAttachmentsView.xib; sourceTree = "<group>"; };
		627AB55B2A9CD56500F4F6E4 /* JMCConsoleLogReader.h */ = {isa = PBXFileReference; fileEncoding = 4; lastKnownFileType = sourcecode.c.h; path = JMCConsoleLogReader.h; sourceTree = "<group>"; };
		627AB55C2A9CD56500F4F6E4 /* JMCAttachmentsViewController.h */ = {isa = PBXFileReference; fileEncoding = 4; lastKnownFileType = sourcecode.c.h; path = JMCAttachmentsViewController.h; sourceTree = "<group>"; };
		627AB55D2A9CD56500F4F6E4 /* JMCConsoleLogReader.m */ = {isa = PBXFileReference; fileEncoding = 4; lastKnownFileType = sourcecode.c.objc; path = JMCConsoleLogReader.m; sourceTree = "<group>"; };
		627AB55E2A9CD56500F4F6E4 /* JMCAttachmentsViewController.m */ = {isa = PBXFileReference; fileEncoding = 4; lastKnownFileType = sourcecode.c.objc; path = JMCAttachmentsViewController.m; sourceTree = "<group>"; };
		627AB5602A9CD56500F4F6E4 /* UILabel+JMCVerticalAlign.h */ = {isa = PBXFileReference; fileEncoding = 4; lastKnownFileType = sourcecode.c.h; path = "UILabel+JMCVerticalAlign.h"; sourceTree = "<group>"; };
		627AB5612A9CD56500F4F6E4 /* JMCToolbarButton.m */ = {isa = PBXFileReference; fileEncoding = 4; lastKnownFileType = sourcecode.c.objc; path = JMCToolbarButton.m; sourceTree = "<group>"; };
		627AB5622A9CD56500F4F6E4 /* JMCScrollViewContainer.m */ = {isa = PBXFileReference; fileEncoding = 4; lastKnownFileType = sourcecode.c.objc; path = JMCScrollViewContainer.m; sourceTree = "<group>"; };
		627AB5632A9CD56500F4F6E4 /* UIView+JMCAdditions.h */ = {isa = PBXFileReference; fileEncoding = 4; lastKnownFileType = sourcecode.c.h; path = "UIView+JMCAdditions.h"; sourceTree = "<group>"; };
		627AB5642A9CD56500F4F6E4 /* UILabel+JMCVerticalAlign.m */ = {isa = PBXFileReference; fileEncoding = 4; lastKnownFileType = sourcecode.c.objc; path = "UILabel+JMCVerticalAlign.m"; sourceTree = "<group>"; };
		627AB5652A9CD56500F4F6E4 /* JMCToolbarButton.h */ = {isa = PBXFileReference; fileEncoding = 4; lastKnownFileType = sourcecode.c.h; path = JMCToolbarButton.h; sourceTree = "<group>"; };
		627AB5662A9CD56500F4F6E4 /* UIView+JMCAdditions.m */ = {isa = PBXFileReference; fileEncoding = 4; lastKnownFileType = sourcecode.c.objc; path = "UIView+JMCAdditions.m"; sourceTree = "<group>"; };
		627AB5672A9CD56500F4F6E4 /* JMCScrollViewContainer.h */ = {isa = PBXFileReference; fileEncoding = 4; lastKnownFileType = sourcecode.c.h; path = JMCScrollViewContainer.h; sourceTree = "<group>"; };
		627AB5692A9CD56500F4F6E4 /* JMCSketch.h */ = {isa = PBXFileReference; fileEncoding = 4; lastKnownFileType = sourcecode.c.h; path = JMCSketch.h; sourceTree = "<group>"; };
		627AB56A2A9CD56500F4F6E4 /* JMCSketchView.m */ = {isa = PBXFileReference; fileEncoding = 4; lastKnownFileType = sourcecode.c.objc; path = JMCSketchView.m; sourceTree = "<group>"; };
		627AB56B2A9CD56500F4F6E4 /* JMCShape.h */ = {isa = PBXFileReference; fileEncoding = 4; lastKnownFileType = sourcecode.c.h; path = JMCShape.h; sourceTree = "<group>"; };
		627AB56C2A9CD56500F4F6E4 /* JMCSketchViewController.xib */ = {isa = PBXFileReference; fileEncoding = 4; lastKnownFileType = file.xib; path = JMCSketchViewController.xib; sourceTree = "<group>"; };
		627AB56D2A9CD56500F4F6E4 /* JMCLine.h */ = {isa = PBXFileReference; fileEncoding = 4; lastKnownFileType = sourcecode.c.h; path = JMCLine.h; sourceTree = "<group>"; };
		627AB56E2A9CD56500F4F6E4 /* JMCSketchScrollView.h */ = {isa = PBXFileReference; fileEncoding = 4; lastKnownFileType = sourcecode.c.h; path = JMCSketchScrollView.h; sourceTree = "<group>"; };
		627AB56F2A9CD56500F4F6E4 /* JMCVectorView.h */ = {isa = PBXFileReference; fileEncoding = 4; lastKnownFileType = sourcecode.c.h; path = JMCVectorView.h; sourceTree = "<group>"; };
		627AB5702A9CD56500F4F6E4 /* JMCSketchContainerView.h */ = {isa = PBXFileReference; fileEncoding = 4; lastKnownFileType = sourcecode.c.h; path = JMCSketchContainerView.h; sourceTree = "<group>"; };
		627AB5712A9CD56500F4F6E4 /* JMCSketchViewControllerDelegate.h */ = {isa = PBXFileReference; fileEncoding = 4; lastKnownFileType = sourcecode.c.h; path = JMCSketchViewControllerDelegate.h; sourceTree = "<group>"; };
		627AB5722A9CD56500F4F6E4 /* JMCVector.h */ = {isa = PBXFileReference; fileEncoding = 4; lastKnownFileType = sourcecode.c.h; path = JMCVector.h; sourceTree = "<group>"; };
		627AB5732A9CD56500F4F6E4 /* JMCSketchViewController.h */ = {isa = PBXFileReference; fileEncoding = 4; lastKnownFileType = sourcecode.c.h; path = JMCSketchViewController.h; sourceTree = "<group>"; };
		627AB5742A9CD56500F4F6E4 /* JMCSketchViewControllerFactory.m */ = {isa = PBXFileReference; fileEncoding = 4; lastKnownFileType = sourcecode.c.objc; path = JMCSketchViewControllerFactory.m; sourceTree = "<group>"; };
		627AB5752A9CD56500F4F6E4 /* JMCShapeView.h */ = {isa = PBXFileReference; fileEncoding = 4; lastKnownFileType = sourcecode.c.h; path = JMCShapeView.h; sourceTree = "<group>"; };
		627AB5762A9CD56500F4F6E4 /* JMCSketchView.h */ = {isa = PBXFileReference; fileEncoding = 4; lastKnownFileType = sourcecode.c.h; path = JMCSketchView.h; sourceTree = "<group>"; };
		627AB5772A9CD56500F4F6E4 /* JMCSketch.m */ = {isa = PBXFileReference; fileEncoding = 4; lastKnownFileType = sourcecode.c.objc; path = JMCSketch.m; sourceTree = "<group>"; };
		627AB5782A9CD56500F4F6E4 /* JMCLine.m */ = {isa = PBXFileReference; fileEncoding = 4; lastKnownFileType = sourcecode.c.objc; path = JMCLine.m; sourceTree = "<group>"; };
		627AB5792A9CD56500F4F6E4 /* JMCSketchContainerView.m */ = {isa = PBXFileReference; fileEncoding = 4; lastKnownFileType = sourcecode.c.objc; path = JMCSketchContainerView.m; sourceTree = "<group>"; };
		627AB57A2A9CD56500F4F6E4 /* JMCVectorView.m */ = {isa = PBXFileReference; fileEncoding = 4; lastKnownFileType = sourcecode.c.objc; path = JMCVectorView.m; sourceTree = "<group>"; };
		627AB57B2A9CD56500F4F6E4 /* JMCSketchScrollView.m */ = {isa = PBXFileReference; fileEncoding = 4; lastKnownFileType = sourcecode.c.objc; path = JMCSketchScrollView.m; sourceTree = "<group>"; };
		627AB57C2A9CD56500F4F6E4 /* JMCShapeView.m */ = {isa = PBXFileReference; fileEncoding = 4; lastKnownFileType = sourcecode.c.objc; path = JMCShapeView.m; sourceTree = "<group>"; };
		627AB57D2A9CD56500F4F6E4 /* JMCSketchViewControllerFactory.h */ = {isa = PBXFileReference; fileEncoding = 4; lastKnownFileType = sourcecode.c.h; path = JMCSketchViewControllerFactory.h; sourceTree = "<group>"; };
		627AB57E2A9CD56500F4F6E4 /* JMCSketchViewController.m */ = {isa = PBXFileReference; fileEncoding = 4; lastKnownFileType = sourcecode.c.objc; path = JMCSketchViewController.m; sourceTree = "<group>"; };
		627AB57F2A9CD56500F4F6E4 /* JMCVector.m */ = {isa = PBXFileReference; fileEncoding = 4; lastKnownFileType = sourcecode.c.objc; path = JMCVector.m; sourceTree = "<group>"; };
		627AB5802A9CD56500F4F6E4 /* LICENSES */ = {isa = PBXFileReference; fileEncoding = 4; lastKnownFileType = text; path = LICENSES; sourceTree = "<group>"; };
		627AB5832A9CD56500F4F6E4 /* de */ = {isa = PBXFileReference; lastKnownFileType = text.plist.strings; name = de; path = de.lproj/JMCLocalizable.strings; sourceTree = "<group>"; };
		627AB5842A9CD56500F4F6E4 /* icon_record_6.png */ = {isa = PBXFileReference; lastKnownFileType = image.png; path = icon_record_6.png; sourceTree = "<group>"; };
		627AB5852A9CD56500F4F6E4 /* notsent.png */ = {isa = PBXFileReference; lastKnownFileType = image.png; path = notsent.png; sourceTree = "<group>"; };
		627AB5862A9CD56500F4F6E4 /* icon_record_7.png */ = {isa = PBXFileReference; lastKnownFileType = image.png; path = icon_record_7.png; sourceTree = "<group>"; };
		627AB5872A9CD56500F4F6E4 /* icon_record_5.png */ = {isa = PBXFileReference; lastKnownFileType = image.png; path = icon_record_5.png; sourceTree = "<group>"; };
		627AB5882A9CD56500F4F6E4 /* notsent@2x.png */ = {isa = PBXFileReference; lastKnownFileType = image.png; path = "notsent@2x.png"; sourceTree = "<group>"; };
		627AB5892A9CD56500F4F6E4 /* icon_record@2x.png */ = {isa = PBXFileReference; lastKnownFileType = image.png; path = "icon_record@2x.png"; sourceTree = "<group>"; };
		627AB58A2A9CD56500F4F6E4 /* en */ = {isa = PBXFileReference; lastKnownFileType = text.plist.strings; name = en; path = en.lproj/JMCLocalizable.strings; sourceTree = "<group>"; };
		627AB58B2A9CD56500F4F6E4 /* icon_record_6@2x.png */ = {isa = PBXFileReference; lastKnownFileType = image.png; path = "icon_record_6@2x.png"; sourceTree = "<group>"; };
		627AB58C2A9CD56500F4F6E4 /* Balloon_1_ios7.png */ = {isa = PBXFileReference; lastKnownFileType = image.png; path = Balloon_1_ios7.png; sourceTree = "<group>"; };
		627AB58D2A9CD56500F4F6E4 /* icon_record_4.png */ = {isa = PBXFileReference; lastKnownFileType = image.png; path = icon_record_4.png; sourceTree = "<group>"; };
		627AB58E2A9CD56500F4F6E4 /* icon_record_pulse@2x.png */ = {isa = PBXFileReference; lastKnownFileType = image.png; path = "icon_record_pulse@2x.png"; sourceTree = "<group>"; };
		627AB58F2A9CD56500F4F6E4 /* icon_record_active.png */ = {isa = PBXFileReference; lastKnownFileType = image.png; path = icon_record_active.png; sourceTree = "<group>"; };
		627AB5902A9CD56500F4F6E4 /* icon_record_active@2x.png */ = {isa = PBXFileReference; lastKnownFileType = image.png; path = "icon_record_active@2x.png"; sourceTree = "<group>"; };
		627AB5912A9CD56500F4F6E4 /* icon_record_8@2x.png */ = {isa = PBXFileReference; lastKnownFileType = image.png; path = "icon_record_8@2x.png"; sourceTree = "<group>"; };
		627AB5922A9CD56500F4F6E4 /* icon_record_4@2x.png */ = {isa = PBXFileReference; lastKnownFileType = image.png; path = "icon_record_4@2x.png"; sourceTree = "<group>"; };
		627AB5932A9CD56500F4F6E4 /* icon_record_1.png */ = {isa = PBXFileReference; lastKnownFileType = image.png; path = icon_record_1.png; sourceTree = "<group>"; };
		627AB5942A9CD56500F4F6E4 /* icon_record_3.png */ = {isa = PBXFileReference; lastKnownFileType = image.png; path = icon_record_3.png; sourceTree = "<group>"; };
		627AB5952A9CD56500F4F6E4 /* background_overlay@2x.png */ = {isa = PBXFileReference; lastKnownFileType = image.png; path = "background_overlay@2x.png"; sourceTree = "<group>"; };
		627AB5962A9CD56500F4F6E4 /* icon_recording.png */ = {isa = PBXFileReference; lastKnownFileType = image.png; path = icon_recording.png; sourceTree = "<group>"; };
		627AB5972A9CD56500F4F6E4 /* icon_record_2.png */ = {isa = PBXFileReference; lastKnownFileType = image.png; path = icon_record_2.png; sourceTree = "<group>"; };
		627AB5982A9CD56500F4F6E4 /* Balloon_1.png */ = {isa = PBXFileReference; lastKnownFileType = image.png; path = Balloon_1.png; sourceTree = "<group>"; };
		627AB5992A9CD56500F4F6E4 /* audio_attachment@2x.png */ = {isa = PBXFileReference; lastKnownFileType = image.png; path = "audio_attachment@2x.png"; sourceTree = "<group>"; };
		627AB59A2A9CD56500F4F6E4 /* cancel.png */ = {isa = PBXFileReference; lastKnownFileType = image.png; path = cancel.png; sourceTree = "<group>"; };
		627AB59B2A9CD56500F4F6E4 /* icon_record.png */ = {isa = PBXFileReference; lastKnownFileType = image.png; path = icon_record.png; sourceTree = "<group>"; };
		627AB59C2A9CD56500F4F6E4 /* Balloon_2.png */ = {isa = PBXFileReference; lastKnownFileType = image.png; path = Balloon_2.png; sourceTree = "<group>"; };
		627AB59D2A9CD56500F4F6E4 /* icon_record_pulse.png */ = {isa = PBXFileReference; lastKnownFileType = image.png; path = icon_record_pulse.png; sourceTree = "<group>"; };
		627AB59E2A9CD56500F4F6E4 /* audio_attachment.png */ = {isa = PBXFileReference; lastKnownFileType = image.png; path = audio_attachment.png; sourceTree = "<group>"; };
		627AB59F2A9CD56500F4F6E4 /* icon_capture@2x.png */ = {isa = PBXFileReference; lastKnownFileType = image.png; path = "icon_capture@2x.png"; sourceTree = "<group>"; };
		627AB5A02A9CD56500F4F6E4 /* icon_capture.png */ = {isa = PBXFileReference; lastKnownFileType = image.png; path = icon_capture.png; sourceTree = "<group>"; };
		627AB5A12A9CD56500F4F6E4 /* icon_recording@2x.png */ = {isa = PBXFileReference; lastKnownFileType = image.png; path = "icon_recording@2x.png"; sourceTree = "<group>"; };
		627AB5A22A9CD56500F4F6E4 /* icon_record_2@2x.png */ = {isa = PBXFileReference; lastKnownFileType = image.png; path = "icon_record_2@2x.png"; sourceTree = "<group>"; };
		627AB5A32A9CD56500F4F6E4 /* megaphone.png */ = {isa = PBXFileReference; lastKnownFileType = image.png; path = megaphone.png; sourceTree = "<group>"; };
		627AB5A42A9CD56500F4F6E4 /* button_base@2x.png */ = {isa = PBXFileReference; lastKnownFileType = image.png; path = "button_base@2x.png"; sourceTree = "<group>"; };
		627AB5A52A9CD56500F4F6E4 /* icon_record_7@2x.png */ = {isa = PBXFileReference; lastKnownFileType = image.png; path = "icon_record_7@2x.png"; sourceTree = "<group>"; };
		627AB5A62A9CD56500F4F6E4 /* bluedot.png */ = {isa = PBXFileReference; lastKnownFileType = image.png; path = bluedot.png; sourceTree = "<group>"; };
		627AB5A72A9CD56500F4F6E4 /* background_overlay.png */ = {isa = PBXFileReference; lastKnownFileType = image.png; path = background_overlay.png; sourceTree = "<group>"; };
		627AB5A82A9CD56500F4F6E4 /* Balloon_2_ios7.png */ = {isa = PBXFileReference; lastKnownFileType = image.png; path = Balloon_2_ios7.png; sourceTree = "<group>"; };
		627AB5A92A9CD56500F4F6E4 /* icon_record_5@2x.png */ = {isa = PBXFileReference; lastKnownFileType = image.png; path = "icon_record_5@2x.png"; sourceTree = "<group>"; };
		627AB5AA2A9CD56500F4F6E4 /* megaphone@2x.png */ = {isa = PBXFileReference; lastKnownFileType = image.png; path = "megaphone@2x.png"; sourceTree = "<group>"; };
		627AB5AB2A9CD56500F4F6E4 /* button_base.png */ = {isa = PBXFileReference; lastKnownFileType = image.png; path = button_base.png; sourceTree = "<group>"; };
		627AB5AC2A9CD56500F4F6E4 /* icon_record_1@2x.png */ = {isa = PBXFileReference; lastKnownFileType = image.png; path = "icon_record_1@2x.png"; sourceTree = "<group>"; };
		627AB5AD2A9CD56500F4F6E4 /* icon_record_3@2x.png */ = {isa = PBXFileReference; lastKnownFileType = image.png; path = "icon_record_3@2x.png"; sourceTree = "<group>"; };
		627AB5AE2A9CD56500F4F6E4 /* icon_record_8.png */ = {isa = PBXFileReference; lastKnownFileType = image.png; path = icon_record_8.png; sourceTree = "<group>"; };
		627AB5B02A9CD56500F4F6E4 /* CrashReporter.framework */ = {isa = PBXFileReference; lastKnownFileType = wrapper.framework; path = CrashReporter.framework; sourceTree = "<group>"; };
		627AB5B22A9CD56500F4F6E4 /* JMCMacros.h */ = {isa = PBXFileReference; fileEncoding = 4; lastKnownFileType = sourcecode.c.h; path = JMCMacros.h; sourceTree = "<group>"; };
		627AB5B32A9CD56500F4F6E4 /* JMCViewController.h */ = {isa = PBXFileReference; fileEncoding = 4; lastKnownFileType = sourcecode.c.h; path = JMCViewController.h; sourceTree = "<group>"; };
		627AB5B42A9CD56500F4F6E4 /* JMCAttachmentItem.m */ = {isa = PBXFileReference; fileEncoding = 4; lastKnownFileType = sourcecode.c.objc; path = JMCAttachmentItem.m; sourceTree = "<group>"; };
		627AB5B52A9CD56500F4F6E4 /* JMC.h */ = {isa = PBXFileReference; fileEncoding = 4; lastKnownFileType = sourcecode.c.h; path = JMC.h; sourceTree = "<group>"; };
		627AB5B62A9CD56500F4F6E4 /* JMCCustomDataSource.h */ = {isa = PBXFileReference; fileEncoding = 4; lastKnownFileType = sourcecode.c.h; path = JMCCustomDataSource.h; sourceTree = "<group>"; };
		627AB5B72A9CD56500F4F6E4 /* JMCViewController.m */ = {isa = PBXFileReference; fileEncoding = 4; lastKnownFileType = sourcecode.c.objc; path = JMCViewController.m; sourceTree = "<group>"; };
		627AB5B82A9CD56500F4F6E4 /* JMCAttachmentItem.h */ = {isa = PBXFileReference; fileEncoding = 4; lastKnownFileType = sourcecode.c.h; path = JMCAttachmentItem.h; sourceTree = "<group>"; };
		627AB5B92A9CD56500F4F6E4 /* JMCViewController.xib */ = {isa = PBXFileReference; fileEncoding = 4; lastKnownFileType = file.xib; path = JMCViewController.xib; sourceTree = "<group>"; };
		627AB5BA2A9CD56500F4F6E4 /* JMC.m */ = {isa = PBXFileReference; fileEncoding = 4; lastKnownFileType = sourcecode.c.objc; path = JMC.m; sourceTree = "<group>"; };
/* End PBXFileReference section */

/* Begin PBXFrameworksBuildPhase section */
		627AB3892A9CD3F000F4F6E4 /* Frameworks */ = {
			isa = PBXFrameworksBuildPhase;
			buildActionMask = 2147483647;
			files = (
				627AB5E72A9CD56600F4F6E4 /* CrashReporter.framework in Frameworks */,
			);
			runOnlyForDeploymentPostprocessing = 0;
		};
/* End PBXFrameworksBuildPhase section */

/* Begin PBXGroup section */
		627AB3832A9CD3F000F4F6E4 = {
			isa = PBXGroup;
			children = (
				627AB38E2A9CD3F000F4F6E4 /* JIRAMobileConnect */,
				627AB38D2A9CD3F000F4F6E4 /* Products */,
			);
			sourceTree = "<group>";
		};
		627AB38D2A9CD3F000F4F6E4 /* Products */ = {
			isa = PBXGroup;
			children = (
				627AB38C2A9CD3F000F4F6E4 /* libJIRAMobileConnect.a */,
			);
			name = Products;
			sourceTree = "<group>";
		};
		627AB38E2A9CD3F000F4F6E4 /* JIRAMobileConnect */ = {
			isa = PBXGroup;
			children = (
				627AB5152A9CD56500F4F6E4 /* JMCClasses */,
				627AB38F2A9CD3F000F4F6E4 /* JIRAMobileConnect.h */,
				627AB3902A9CD3F000F4F6E4 /* JIRAMobileConnect.m */,
			);
			path = JIRAMobileConnect;
			sourceTree = "<group>";
		};
		627AB5152A9CD56500F4F6E4 /* JMCClasses */ = {
			isa = PBXGroup;
			children = (
				627AB5162A9CD56500F4F6E4 /* Core */,
				627AB5802A9CD56500F4F6E4 /* LICENSES */,
				627AB5812A9CD56500F4F6E4 /* Resources */,
				627AB5AF2A9CD56500F4F6E4 /* Libraries */,
				627AB5B12A9CD56500F4F6E4 /* Base */,
			);
			path = JMCClasses;
			sourceTree = "<group>";
		};
		627AB5162A9CD56500F4F6E4 /* Core */ = {
			isa = PBXGroup;
			children = (
				627AB5172A9CD56500F4F6E4 /* database */,
				627AB51E2A9CD56500F4F6E4 /* inbox */,
				627AB52F2A9CD56500F4F6E4 /* transport */,
				627AB5422A9CD56500F4F6E4 /* crashes */,
				627AB5452A9CD56500F4F6E4 /* image */,
				627AB54C2A9CD56500F4F6E4 /* audio */,
				627AB54F2A9CD56500F4F6E4 /* model */,
				627AB5542A9CD56500F4F6E4 /* queue */,
				627AB5592A9CD56500F4F6E4 /* attachments */,
				627AB55F2A9CD56500F4F6E4 /* views */,
				627AB5682A9CD56500F4F6E4 /* sketch */,
			);
			path = Core;
			sourceTree = "<group>";
		};
		627AB5172A9CD56500F4F6E4 /* database */ = {
			isa = PBXGroup;
			children = (
				627AB5182A9CD56500F4F6E4 /* JMCDatabase+JMCDatabaseAdditions.h */,
				627AB5192A9CD56500F4F6E4 /* JMCDatabase.m */,
				627AB51A2A9CD56500F4F6E4 /* JMCResultSet.m */,
				627AB51B2A9CD56500F4F6E4 /* JMCDatabase.h */,
				627AB51C2A9CD56500F4F6E4 /* JMCDatabase+JMCDatabaseAdditions.m */,
				627AB51D2A9CD56500F4F6E4 /* JMCResultSet.h */,
			);
			path = database;
			sourceTree = "<group>";
		};
		627AB51E2A9CD56500F4F6E4 /* inbox */ = {
			isa = PBXGroup;
			children = (
				627AB51F2A9CD56500F4F6E4 /* JMCMessageCell.m */,
				627AB5202A9CD56500F4F6E4 /* JMCMessageBubble.m */,
				627AB5212A9CD56500F4F6E4 /* JMCNotifier.h */,
				627AB5222A9CD56500F4F6E4 /* JMCIssuesViewController.h */,
				627AB5232A9CD56500F4F6E4 /* JMCIssueStore.h */,
				627AB5242A9CD56500F4F6E4 /* JMCIssueViewController.m */,
				627AB5252A9CD56500F4F6E4 /* JMCIssuePreviewCell.h */,
				627AB5262A9CD56500F4F6E4 /* JMCMessageCell.h */,
				627AB5272A9CD56500F4F6E4 /* JMCIssueViewController.xib */,
				627AB5282A9CD56500F4F6E4 /* JMCNotifier.m */,
				627AB5292A9CD56500F4F6E4 /* JMCMessageBubble.h */,
				627AB52A2A9CD56500F4F6E4 /* JMCIssueViewController.h */,
				627AB52B2A9CD56500F4F6E4 /* JMCIssueStore.m */,
				627AB52C2A9CD56500F4F6E4 /* JMCIssuePreviewCell.xib */,
				627AB52D2A9CD56500F4F6E4 /* JMCIssuesViewController.m */,
				627AB52E2A9CD56500F4F6E4 /* JMCIssuePreviewCell.m */,
			);
			path = inbox;
			sourceTree = "<group>";
		};
		627AB52F2A9CD56500F4F6E4 /* transport */ = {
			isa = PBXGroup;
			children = (
				627AB5302A9CD56500F4F6E4 /* JMCCrashTransport.h */,
				627AB5312A9CD56500F4F6E4 /* JMCPing.h */,
				627AB5322A9CD56500F4F6E4 /* JMCReplyDelegate.m */,
				627AB5332A9CD56500F4F6E4 /* JMCIssueTransport.m */,
				627AB5342A9CD56500F4F6E4 /* JMCCreateIssueDelegate.h */,
				627AB5352A9CD56500F4F6E4 /* JMCReplyTransport.m */,
				627AB5362A9CD56500F4F6E4 /* JMCCrashSender.m */,
				627AB5372A9CD56500F4F6E4 /* JMCTransport.h */,
				627AB5382A9CD56500F4F6E4 /* JMCTransportOperation.m */,
				627AB5392A9CD56500F4F6E4 /* JMCPing.m */,
				627AB53A2A9CD56500F4F6E4 /* JMCCrashTransport.m */,
				627AB53B2A9CD56500F4F6E4 /* JMCCrashSender.h */,
				627AB53C2A9CD56500F4F6E4 /* JMCReplyTransport.h */,
				627AB53D2A9CD56500F4F6E4 /* JMCIssueTransport.h */,
				627AB53E2A9CD56500F4F6E4 /* JMCCreateIssueDelegate.m */,
				627AB53F2A9CD56500F4F6E4 /* JMCReplyDelegate.h */,
				627AB5402A9CD56500F4F6E4 /* JMCTransport.m */,
				627AB5412A9CD56500F4F6E4 /* JMCTransportOperation.h */,
			);
			path = transport;
			sourceTree = "<group>";
		};
		627AB5422A9CD56500F4F6E4 /* crashes */ = {
			isa = PBXGroup;
			children = (
				627AB5432A9CD56500F4F6E4 /* CrashReporter.m */,
				627AB5442A9CD56500F4F6E4 /* CrashReporter.h */,
			);
			path = crashes;
			sourceTree = "<group>";
		};
		627AB5452A9CD56500F4F6E4 /* image */ = {
			isa = PBXGroup;
			children = (
				627AB5462A9CD56500F4F6E4 /* UIImage+JMCRoundedCorner.h */,
				627AB5472A9CD56500F4F6E4 /* UIImage+JMCAlpha.h */,
				627AB5482A9CD56500F4F6E4 /* UIImage+JMCResize.h */,
				627AB5492A9CD56500F4F6E4 /* UIImage+JMCAlpha.m */,
				627AB54A2A9CD56500F4F6E4 /* UIImage+JMCRoundedCorner.m */,
				627AB54B2A9CD56500F4F6E4 /* UIImage+JMCResize.m */,
			);
			path = image;
			sourceTree = "<group>";
		};
		627AB54C2A9CD56500F4F6E4 /* audio */ = {
			isa = PBXGroup;
			children = (
				627AB54D2A9CD56500F4F6E4 /* JMCRecorder.m */,
				627AB54E2A9CD56500F4F6E4 /* JMCRecorder.h */,
			);
			path = audio;
			sourceTree = "<group>";
		};
		627AB54F2A9CD56500F4F6E4 /* model */ = {
			isa = PBXGroup;
			children = (
				627AB5502A9CD56500F4F6E4 /* JMCIssue.m */,
				627AB5512A9CD56500F4F6E4 /* JMCComment.h */,
				627AB5522A9CD56500F4F6E4 /* JMCIssue.h */,
				627AB5532A9CD56500F4F6E4 /* JMCComment.m */,
			);
			path = model;
			sourceTree = "<group>";
		};
		627AB5542A9CD56500F4F6E4 /* queue */ = {
			isa = PBXGroup;
			children = (
				627AB5552A9CD56500F4F6E4 /* JMCRequestQueue.m */,
				627AB5562A9CD56500F4F6E4 /* JMCQueueItem.h */,
				627AB5572A9CD56500F4F6E4 /* JMCRequestQueue.h */,
				627AB5582A9CD56500F4F6E4 /* JMCQueueItem.m */,
			);
			path = queue;
			sourceTree = "<group>";
		};
		627AB5592A9CD56500F4F6E4 /* attachments */ = {
			isa = PBXGroup;
			children = (
				627AB55A2A9CD56500F4F6E4 /* JMCAttachmentsView.xib */,
				627AB55B2A9CD56500F4F6E4 /* JMCConsoleLogReader.h */,
				627AB55C2A9CD56500F4F6E4 /* JMCAttachmentsViewController.h */,
				627AB55D2A9CD56500F4F6E4 /* JMCConsoleLogReader.m */,
				627AB55E2A9CD56500F4F6E4 /* JMCAttachmentsViewController.m */,
			);
			path = attachments;
			sourceTree = "<group>";
		};
		627AB55F2A9CD56500F4F6E4 /* views */ = {
			isa = PBXGroup;
			children = (
				627AB5602A9CD56500F4F6E4 /* UILabel+JMCVerticalAlign.h */,
				627AB5612A9CD56500F4F6E4 /* JMCToolbarButton.m */,
				627AB5622A9CD56500F4F6E4 /* JMCScrollViewContainer.m */,
				627AB5632A9CD56500F4F6E4 /* UIView+JMCAdditions.h */,
				627AB5642A9CD56500F4F6E4 /* UILabel+JMCVerticalAlign.m */,
				627AB5652A9CD56500F4F6E4 /* JMCToolbarButton.h */,
				627AB5662A9CD56500F4F6E4 /* UIView+JMCAdditions.m */,
				627AB5672A9CD56500F4F6E4 /* JMCScrollViewContainer.h */,
			);
			path = views;
			sourceTree = "<group>";
		};
		627AB5682A9CD56500F4F6E4 /* sketch */ = {
			isa = PBXGroup;
			children = (
				627AB5692A9CD56500F4F6E4 /* JMCSketch.h */,
				627AB56A2A9CD56500F4F6E4 /* JMCSketchView.m */,
				627AB56B2A9CD56500F4F6E4 /* JMCShape.h */,
				627AB56C2A9CD56500F4F6E4 /* JMCSketchViewController.xib */,
				627AB56D2A9CD56500F4F6E4 /* JMCLine.h */,
				627AB56E2A9CD56500F4F6E4 /* JMCSketchScrollView.h */,
				627AB56F2A9CD56500F4F6E4 /* JMCVectorView.h */,
				627AB5702A9CD56500F4F6E4 /* JMCSketchContainerView.h */,
				627AB5712A9CD56500F4F6E4 /* JMCSketchViewControllerDelegate.h */,
				627AB5722A9CD56500F4F6E4 /* JMCVector.h */,
				627AB5732A9CD56500F4F6E4 /* JMCSketchViewController.h */,
				627AB5742A9CD56500F4F6E4 /* JMCSketchViewControllerFactory.m */,
				627AB5752A9CD56500F4F6E4 /* JMCShapeView.h */,
				627AB5762A9CD56500F4F6E4 /* JMCSketchView.h */,
				627AB5772A9CD56500F4F6E4 /* JMCSketch.m */,
				627AB5782A9CD56500F4F6E4 /* JMCLine.m */,
				627AB5792A9CD56500F4F6E4 /* JMCSketchContainerView.m */,
				627AB57A2A9CD56500F4F6E4 /* JMCVectorView.m */,
				627AB57B2A9CD56500F4F6E4 /* JMCSketchScrollView.m */,
				627AB57C2A9CD56500F4F6E4 /* JMCShapeView.m */,
				627AB57D2A9CD56500F4F6E4 /* JMCSketchViewControllerFactory.h */,
				627AB57E2A9CD56500F4F6E4 /* JMCSketchViewController.m */,
				627AB57F2A9CD56500F4F6E4 /* JMCVector.m */,
			);
			path = sketch;
			sourceTree = "<group>";
		};
		627AB5812A9CD56500F4F6E4 /* Resources */ = {
			isa = PBXGroup;
			children = (
				627AB5822A9CD56500F4F6E4 /* JMCLocalizable.strings */,
				627AB5842A9CD56500F4F6E4 /* icon_record_6.png */,
				627AB5852A9CD56500F4F6E4 /* notsent.png */,
				627AB5862A9CD56500F4F6E4 /* icon_record_7.png */,
				627AB5872A9CD56500F4F6E4 /* icon_record_5.png */,
				627AB5882A9CD56500F4F6E4 /* notsent@2x.png */,
				627AB5892A9CD56500F4F6E4 /* icon_record@2x.png */,
				627AB58B2A9CD56500F4F6E4 /* icon_record_6@2x.png */,
				627AB58C2A9CD56500F4F6E4 /* Balloon_1_ios7.png */,
				627AB58D2A9CD56500F4F6E4 /* icon_record_4.png */,
				627AB58E2A9CD56500F4F6E4 /* icon_record_pulse@2x.png */,
				627AB58F2A9CD56500F4F6E4 /* icon_record_active.png */,
				627AB5902A9CD56500F4F6E4 /* icon_record_active@2x.png */,
				627AB5912A9CD56500F4F6E4 /* icon_record_8@2x.png */,
				627AB5922A9CD56500F4F6E4 /* icon_record_4@2x.png */,
				627AB5932A9CD56500F4F6E4 /* icon_record_1.png */,
				627AB5942A9CD56500F4F6E4 /* icon_record_3.png */,
				627AB5952A9CD56500F4F6E4 /* background_overlay@2x.png */,
				627AB5962A9CD56500F4F6E4 /* icon_recording.png */,
				627AB5972A9CD56500F4F6E4 /* icon_record_2.png */,
				627AB5982A9CD56500F4F6E4 /* Balloon_1.png */,
				627AB5992A9CD56500F4F6E4 /* audio_attachment@2x.png */,
				627AB59A2A9CD56500F4F6E4 /* cancel.png */,
				627AB59B2A9CD56500F4F6E4 /* icon_record.png */,
				627AB59C2A9CD56500F4F6E4 /* Balloon_2.png */,
				627AB59D2A9CD56500F4F6E4 /* icon_record_pulse.png */,
				627AB59E2A9CD56500F4F6E4 /* audio_attachment.png */,
				627AB59F2A9CD56500F4F6E4 /* icon_capture@2x.png */,
				627AB5A02A9CD56500F4F6E4 /* icon_capture.png */,
				627AB5A12A9CD56500F4F6E4 /* icon_recording@2x.png */,
				627AB5A22A9CD56500F4F6E4 /* icon_record_2@2x.png */,
				627AB5A32A9CD56500F4F6E4 /* megaphone.png */,
				627AB5A42A9CD56500F4F6E4 /* button_base@2x.png */,
				627AB5A52A9CD56500F4F6E4 /* icon_record_7@2x.png */,
				627AB5A62A9CD56500F4F6E4 /* bluedot.png */,
				627AB5A72A9CD56500F4F6E4 /* background_overlay.png */,
				627AB5A82A9CD56500F4F6E4 /* Balloon_2_ios7.png */,
				627AB5A92A9CD56500F4F6E4 /* icon_record_5@2x.png */,
				627AB5AA2A9CD56500F4F6E4 /* megaphone@2x.png */,
				627AB5AB2A9CD56500F4F6E4 /* button_base.png */,
				627AB5AC2A9CD56500F4F6E4 /* icon_record_1@2x.png */,
				627AB5AD2A9CD56500F4F6E4 /* icon_record_3@2x.png */,
				627AB5AE2A9CD56500F4F6E4 /* icon_record_8.png */,
			);
			path = Resources;
			sourceTree = "<group>";
		};
		627AB5AF2A9CD56500F4F6E4 /* Libraries */ = {
			isa = PBXGroup;
			children = (
				627AB5B02A9CD56500F4F6E4 /* CrashReporter.framework */,
			);
			path = Libraries;
			sourceTree = "<group>";
		};
		627AB5B12A9CD56500F4F6E4 /* Base */ = {
			isa = PBXGroup;
			children = (
				627AB5B22A9CD56500F4F6E4 /* JMCMacros.h */,
				627AB5B32A9CD56500F4F6E4 /* JMCViewController.h */,
				627AB5B42A9CD56500F4F6E4 /* JMCAttachmentItem.m */,
				627AB5B52A9CD56500F4F6E4 /* JMC.h */,
				627AB5B62A9CD56500F4F6E4 /* JMCCustomDataSource.h */,
				627AB5B72A9CD56500F4F6E4 /* JMCViewController.m */,
				627AB5B82A9CD56500F4F6E4 /* JMCAttachmentItem.h */,
				627AB5B92A9CD56500F4F6E4 /* JMCViewController.xib */,
				627AB5BA2A9CD56500F4F6E4 /* JMC.m */,
			);
			path = Base;
			sourceTree = "<group>";
		};
/* End PBXGroup section */

/* Begin PBXNativeTarget section */
		627AB38B2A9CD3F000F4F6E4 /* JIRAMobileConnect */ = {
			isa = PBXNativeTarget;
			buildConfigurationList = 627AB3952A9CD3F000F4F6E4 /* Build configuration list for PBXNativeTarget "JIRAMobileConnect" */;
			buildPhases = (
				627AB3882A9CD3F000F4F6E4 /* Sources */,
				627AB3892A9CD3F000F4F6E4 /* Frameworks */,
				627AB38A2A9CD3F000F4F6E4 /* CopyFiles */,
			);
			buildRules = (
			);
			dependencies = (
			);
			name = JIRAMobileConnect;
			productName = JIRAMobileConnect;
			productReference = 627AB38C2A9CD3F000F4F6E4 /* libJIRAMobileConnect.a */;
			productType = "com.apple.product-type.library.static";
		};
/* End PBXNativeTarget section */

/* Begin PBXProject section */
		627AB3842A9CD3F000F4F6E4 /* Project object */ = {
			isa = PBXProject;
			attributes = {
				BuildIndependentTargetsInParallel = 1;
				LastUpgradeCheck = 1410;
				TargetAttributes = {
					627AB38B2A9CD3F000F4F6E4 = {
						CreatedOnToolsVersion = 14.1;
					};
				};
			};
			buildConfigurationList = 627AB3872A9CD3F000F4F6E4 /* Build configuration list for PBXProject "JIRAMobileConnect" */;
			compatibilityVersion = "Xcode 14.0";
			developmentRegion = en;
			hasScannedForEncodings = 0;
			knownRegions = (
				en,
				Base,
				de,
			);
			mainGroup = 627AB3832A9CD3F000F4F6E4;
			productRefGroup = 627AB38D2A9CD3F000F4F6E4 /* Products */;
			projectDirPath = "";
			projectRoot = "";
			targets = (
				627AB38B2A9CD3F000F4F6E4 /* JIRAMobileConnect */,
			);
		};
/* End PBXProject section */

/* Begin PBXSourcesBuildPhase section */
		627AB3882A9CD3F000F4F6E4 /* Sources */ = {
			isa = PBXSourcesBuildPhase;
			buildActionMask = 2147483647;
			files = (
				627AB5D82A9CD56600F4F6E4 /* JMCAttachmentsViewController.m in Sources */,
				627AB5CD2A9CD56600F4F6E4 /* JMCTransport.m in Sources */,
				627AB5CC2A9CD56600F4F6E4 /* JMCCreateIssueDelegate.m in Sources */,
				627AB5C22A9CD56600F4F6E4 /* JMCIssueStore.m in Sources */,
				627AB5D22A9CD56600F4F6E4 /* JMCRecorder.m in Sources */,
				627AB5BE2A9CD56600F4F6E4 /* JMCMessageCell.m in Sources */,
				627AB5E32A9CD56600F4F6E4 /* JMCSketchScrollView.m in Sources */,
				627AB5DA2A9CD56600F4F6E4 /* JMCScrollViewContainer.m in Sources */,
				627AB5C02A9CD56600F4F6E4 /* JMCIssueViewController.m in Sources */,
				627AB5C12A9CD56600F4F6E4 /* JMCNotifier.m in Sources */,
				627AB5E82A9CD56600F4F6E4 /* JMCAttachmentItem.m in Sources */,
				627AB5C82A9CD56600F4F6E4 /* JMCCrashSender.m in Sources */,
				627AB5E92A9CD56600F4F6E4 /* JMCViewController.m in Sources */,
				627AB5CA2A9CD56600F4F6E4 /* JMCPing.m in Sources */,
				627AB5DE2A9CD56600F4F6E4 /* JMCSketchViewControllerFactory.m in Sources */,
				627AB3912A9CD3F000F4F6E4 /* JIRAMobileConnect.m in Sources */,
				627AB5E12A9CD56600F4F6E4 /* JMCSketchContainerView.m in Sources */,
				627AB5E22A9CD56600F4F6E4 /* JMCVectorView.m in Sources */,
				627AB5C32A9CD56600F4F6E4 /* JMCIssuesViewController.m in Sources */,
				627AB5DB2A9CD56600F4F6E4 /* UILabel+JMCVerticalAlign.m in Sources */,
				627AB5BD2A9CD56600F4F6E4 /* JMCDatabase+JMCDatabaseAdditions.m in Sources */,
				627AB5BB2A9CD56600F4F6E4 /* JMCDatabase.m in Sources */,
				627AB5CB2A9CD56600F4F6E4 /* JMCCrashTransport.m in Sources */,
				627AB5E62A9CD56600F4F6E4 /* JMCVector.m in Sources */,
				627AB5C62A9CD56600F4F6E4 /* JMCIssueTransport.m in Sources */,
				627AB5D12A9CD56600F4F6E4 /* UIImage+JMCResize.m in Sources */,
				627AB5D62A9CD56600F4F6E4 /* JMCQueueItem.m in Sources */,
				627AB5D02A9CD56600F4F6E4 /* UIImage+JMCRoundedCorner.m in Sources */,
				627AB5DD2A9CD56600F4F6E4 /* JMCSketchView.m in Sources */,
				627AB5C92A9CD56600F4F6E4 /* JMCTransportOperation.m in Sources */,
				627AB5C72A9CD56600F4F6E4 /* JMCReplyTransport.m in Sources */,
				627AB5D72A9CD56600F4F6E4 /* JMCConsoleLogReader.m in Sources */,
				627AB5DC2A9CD56600F4F6E4 /* UIView+JMCAdditions.m in Sources */,
				627AB5D92A9CD56600F4F6E4 /* JMCToolbarButton.m in Sources */,
				627AB5C42A9CD56600F4F6E4 /* JMCIssuePreviewCell.m in Sources */,
				627AB5E02A9CD56600F4F6E4 /* JMCLine.m in Sources */,
				627AB5BF2A9CD56600F4F6E4 /* JMCMessageBubble.m in Sources */,
				627AB5DF2A9CD56600F4F6E4 /* JMCSketch.m in Sources */,
				627AB5E52A9CD56600F4F6E4 /* JMCSketchViewController.m in Sources */,
				627AB5CE2A9CD56600F4F6E4 /* CrashReporter.m in Sources */,
				627AB5CF2A9CD56600F4F6E4 /* UIImage+JMCAlpha.m in Sources */,
				627AB5D42A9CD56600F4F6E4 /* JMCComment.m in Sources */,
				627AB5EA2A9CD56600F4F6E4 /* JMC.m in Sources */,
				627AB5D52A9CD56600F4F6E4 /* JMCRequestQueue.m in Sources */,
				627AB5E42A9CD56600F4F6E4 /* JMCShapeView.m in Sources */,
				627AB5C52A9CD56600F4F6E4 /* JMCReplyDelegate.m in Sources */,
				627AB5D32A9CD56600F4F6E4 /* JMCIssue.m in Sources */,
				627AB5BC2A9CD56600F4F6E4 /* JMCResultSet.m in Sources */,
			);
			runOnlyForDeploymentPostprocessing = 0;
		};
/* End PBXSourcesBuildPhase section */

/* Begin PBXVariantGroup section */
		627AB5822A9CD56500F4F6E4 /* JMCLocalizable.strings */ = {
			isa = PBXVariantGroup;
			children = (
				627AB5832A9CD56500F4F6E4 /* de */,
				627AB58A2A9CD56500F4F6E4 /* en */,
			);
			name = JMCLocalizable.strings;
			sourceTree = "<group>";
		};
/* End PBXVariantGroup section */

/* Begin XCBuildConfiguration section */
		627AB3932A9CD3F000F4F6E4 /* Debug */ = {
			isa = XCBuildConfiguration;
			buildSettings = {
				ALWAYS_SEARCH_USER_PATHS = NO;
				CLANG_ANALYZER_NONNULL = YES;
				CLANG_ANALYZER_NUMBER_OBJECT_CONVERSION = YES_AGGRESSIVE;
				CLANG_CXX_LANGUAGE_STANDARD = "gnu++20";
				CLANG_ENABLE_MODULES = YES;
				CLANG_ENABLE_OBJC_ARC = YES;
				CLANG_ENABLE_OBJC_WEAK = YES;
				CLANG_WARN_BLOCK_CAPTURE_AUTORELEASING = YES;
				CLANG_WARN_BOOL_CONVERSION = YES;
				CLANG_WARN_COMMA = YES;
				CLANG_WARN_CONSTANT_CONVERSION = YES;
				CLANG_WARN_DEPRECATED_OBJC_IMPLEMENTATIONS = YES;
				CLANG_WARN_DIRECT_OBJC_ISA_USAGE = YES_ERROR;
				CLANG_WARN_DOCUMENTATION_COMMENTS = YES;
				CLANG_WARN_EMPTY_BODY = YES;
				CLANG_WARN_ENUM_CONVERSION = YES;
				CLANG_WARN_INFINITE_RECURSION = YES;
				CLANG_WARN_INT_CONVERSION = YES;
				CLANG_WARN_NON_LITERAL_NULL_CONVERSION = YES;
				CLANG_WARN_OBJC_IMPLICIT_RETAIN_SELF = YES;
				CLANG_WARN_OBJC_LITERAL_CONVERSION = YES;
				CLANG_WARN_OBJC_ROOT_CLASS = YES_ERROR;
				CLANG_WARN_QUOTED_INCLUDE_IN_FRAMEWORK_HEADER = YES;
				CLANG_WARN_RANGE_LOOP_ANALYSIS = YES;
				CLANG_WARN_STRICT_PROTOTYPES = YES;
				CLANG_WARN_SUSPICIOUS_MOVE = YES;
				CLANG_WARN_UNGUARDED_AVAILABILITY = YES_AGGRESSIVE;
				CLANG_WARN_UNREACHABLE_CODE = YES;
				CLANG_WARN__DUPLICATE_METHOD_MATCH = YES;
				COPY_PHASE_STRIP = NO;
				DEBUG_INFORMATION_FORMAT = dwarf;
				ENABLE_STRICT_OBJC_MSGSEND = YES;
				ENABLE_TESTABILITY = YES;
				GCC_C_LANGUAGE_STANDARD = gnu11;
				GCC_DYNAMIC_NO_PIC = NO;
				GCC_NO_COMMON_BLOCKS = YES;
				GCC_OPTIMIZATION_LEVEL = 0;
				GCC_PREPROCESSOR_DEFINITIONS = (
					"DEBUG=1",
					"$(inherited)",
				);
				GCC_WARN_64_TO_32_BIT_CONVERSION = YES;
				GCC_WARN_ABOUT_RETURN_TYPE = YES_ERROR;
				GCC_WARN_UNDECLARED_SELECTOR = YES;
				GCC_WARN_UNINITIALIZED_AUTOS = YES_AGGRESSIVE;
				GCC_WARN_UNUSED_FUNCTION = YES;
				GCC_WARN_UNUSED_VARIABLE = YES;
				IPHONEOS_DEPLOYMENT_TARGET = 16.1;
				MTL_ENABLE_DEBUG_INFO = INCLUDE_SOURCE;
				MTL_FAST_MATH = YES;
				ONLY_ACTIVE_ARCH = YES;
				SDKROOT = iphoneos;
			};
			name = Debug;
		};
		627AB3942A9CD3F000F4F6E4 /* Release */ = {
			isa = XCBuildConfiguration;
			buildSettings = {
				ALWAYS_SEARCH_USER_PATHS = NO;
				CLANG_ANALYZER_NONNULL = YES;
				CLANG_ANALYZER_NUMBER_OBJECT_CONVERSION = YES_AGGRESSIVE;
				CLANG_CXX_LANGUAGE_STANDARD = "gnu++20";
				CLANG_ENABLE_MODULES = YES;
				CLANG_ENABLE_OBJC_ARC = YES;
				CLANG_ENABLE_OBJC_WEAK = YES;
				CLANG_WARN_BLOCK_CAPTURE_AUTORELEASING = YES;
				CLANG_WARN_BOOL_CONVERSION = YES;
				CLANG_WARN_COMMA = YES;
				CLANG_WARN_CONSTANT_CONVERSION = YES;
				CLANG_WARN_DEPRECATED_OBJC_IMPLEMENTATIONS = YES;
				CLANG_WARN_DIRECT_OBJC_ISA_USAGE = YES_ERROR;
				CLANG_WARN_DOCUMENTATION_COMMENTS = YES;
				CLANG_WARN_EMPTY_BODY = YES;
				CLANG_WARN_ENUM_CONVERSION = YES;
				CLANG_WARN_INFINITE_RECURSION = YES;
				CLANG_WARN_INT_CONVERSION = YES;
				CLANG_WARN_NON_LITERAL_NULL_CONVERSION = YES;
				CLANG_WARN_OBJC_IMPLICIT_RETAIN_SELF = YES;
				CLANG_WARN_OBJC_LITERAL_CONVERSION = YES;
				CLANG_WARN_OBJC_ROOT_CLASS = YES_ERROR;
				CLANG_WARN_QUOTED_INCLUDE_IN_FRAMEWORK_HEADER = YES;
				CLANG_WARN_RANGE_LOOP_ANALYSIS = YES;
				CLANG_WARN_STRICT_PROTOTYPES = YES;
				CLANG_WARN_SUSPICIOUS_MOVE = YES;
				CLANG_WARN_UNGUARDED_AVAILABILITY = YES_AGGRESSIVE;
				CLANG_WARN_UNREACHABLE_CODE = YES;
				CLANG_WARN__DUPLICATE_METHOD_MATCH = YES;
				COPY_PHASE_STRIP = NO;
				DEBUG_INFORMATION_FORMAT = "dwarf-with-dsym";
				ENABLE_NS_ASSERTIONS = NO;
				ENABLE_STRICT_OBJC_MSGSEND = YES;
				GCC_C_LANGUAGE_STANDARD = gnu11;
				GCC_NO_COMMON_BLOCKS = YES;
				GCC_WARN_64_TO_32_BIT_CONVERSION = YES;
				GCC_WARN_ABOUT_RETURN_TYPE = YES_ERROR;
				GCC_WARN_UNDECLARED_SELECTOR = YES;
				GCC_WARN_UNINITIALIZED_AUTOS = YES_AGGRESSIVE;
				GCC_WARN_UNUSED_FUNCTION = YES;
				GCC_WARN_UNUSED_VARIABLE = YES;
				IPHONEOS_DEPLOYMENT_TARGET = 16.1;
				MTL_ENABLE_DEBUG_INFO = NO;
				MTL_FAST_MATH = YES;
				SDKROOT = iphoneos;
				VALIDATE_PRODUCT = YES;
			};
			name = Release;
		};
		627AB3962A9CD3F000F4F6E4 /* Debug */ = {
			isa = XCBuildConfiguration;
			buildSettings = {
				CODE_SIGN_STYLE = Automatic;
				DEVELOPMENT_TEAM = T6G7397HUK;
				FRAMEWORK_SEARCH_PATHS = (
					"$(inherited)",
					"$(PROJECT_DIR)/JIRAMobileConnect/JMCClasses/Libraries",
				);
				GCC_PRECOMPILE_PREFIX_HEADER = YES;
				GCC_PREFIX_HEADER = "JIRAMobileConnect/JIRAConnect-Prefix.pch";
				OTHER_LDFLAGS = "-ObjC";
				PRODUCT_NAME = "$(TARGET_NAME)";
				SKIP_INSTALL = YES;
				TARGETED_DEVICE_FAMILY = "1,2";
			};
			name = Debug;
		};
		627AB3972A9CD3F000F4F6E4 /* Release */ = {
			isa = XCBuildConfiguration;
			buildSettings = {
				CODE_SIGN_STYLE = Automatic;
				DEVELOPMENT_TEAM = T6G7397HUK;
				FRAMEWORK_SEARCH_PATHS = (
					"$(inherited)",
					"$(PROJECT_DIR)/JIRAMobileConnect/JMCClasses/Libraries",
				);
				GCC_PRECOMPILE_PREFIX_HEADER = YES;
				GCC_PREFIX_HEADER = "JIRAMobileConnect/JIRAConnect-Prefix.pch";
				OTHER_LDFLAGS = "-ObjC";
				PRODUCT_NAME = "$(TARGET_NAME)";
				SKIP_INSTALL = YES;
				TARGETED_DEVICE_FAMILY = "1,2";
			};
			name = Release;
		};
/* End XCBuildConfiguration section */

/* Begin XCConfigurationList section */
		627AB3872A9CD3F000F4F6E4 /* Build configuration list for PBXProject "JIRAMobileConnect" */ = {
			isa = XCConfigurationList;
			buildConfigurations = (
				627AB3932A9CD3F000F4F6E4 /* Debug */,
				627AB3942A9CD3F000F4F6E4 /* Release */,
			);
			defaultConfigurationIsVisible = 0;
			defaultConfigurationName = Release;
		};
		627AB3952A9CD3F000F4F6E4 /* Build configuration list for PBXNativeTarget "JIRAMobileConnect" */ = {
			isa = XCConfigurationList;
			buildConfigurations = (
				627AB3962A9CD3F000F4F6E4 /* Debug */,
				627AB3972A9CD3F000F4F6E4 /* Release */,
			);
			defaultConfigurationIsVisible = 0;
			defaultConfigurationName = Release;
		};
/* End XCConfigurationList section */
	};
	rootObject = 627AB3842A9CD3F000F4F6E4 /* Project object */;
}
